// !$*UTF8*$!
{
	archiveVersion = 1;
	classes = {
	};
	objectVersion = 50;
	objects = {

/* Begin PBXBuildFile section */
		1B61C1D86DB0D4E6B375C047 /* Pods_WaterMyPlant.framework in Frameworks */ = {isa = PBXBuildFile; fileRef = C3F2CEFCC3DBC13279A01594 /* Pods_WaterMyPlant.framework */; };
		63F3556C240905A70025A42C /* 716971753.mp4 in Resources */ = {isa = PBXBuildFile; fileRef = 63F3556B240905A70025A42C /* 716971753.mp4 */; };
		938C37822407933300C274D6 /* AppDelegate.swift in Sources */ = {isa = PBXBuildFile; fileRef = 938C37812407933300C274D6 /* AppDelegate.swift */; };
		938C37842407933300C274D6 /* SceneDelegate.swift in Sources */ = {isa = PBXBuildFile; fileRef = 938C37832407933300C274D6 /* SceneDelegate.swift */; };
		938C37862407933300C274D6 /* ViewController.swift in Sources */ = {isa = PBXBuildFile; fileRef = 938C37852407933300C274D6 /* ViewController.swift */; };
		938C37892407933300C274D6 /* Main.storyboard in Resources */ = {isa = PBXBuildFile; fileRef = 938C37872407933300C274D6 /* Main.storyboard */; };
		938C378B2407934F00C274D6 /* Assets.xcassets in Resources */ = {isa = PBXBuildFile; fileRef = 938C378A2407934F00C274D6 /* Assets.xcassets */; };
		938C378E2407934F00C274D6 /* LaunchScreen.storyboard in Resources */ = {isa = PBXBuildFile; fileRef = 938C378C2407934F00C274D6 /* LaunchScreen.storyboard */; };
		93B2B557240A400E008941B2 /* SignUpViewController.swift in Sources */ = {isa = PBXBuildFile; fileRef = 93B2B556240A400E008941B2 /* SignUpViewController.swift */; };
		93B2B559240A425C008941B2 /* Utilities.swift in Sources */ = {isa = PBXBuildFile; fileRef = 93B2B558240A425C008941B2 /* Utilities.swift */; };
		93B2B55B240A44CB008941B2 /* UIViewController+Ext.swift in Sources */ = {isa = PBXBuildFile; fileRef = 93B2B55A240A44CB008941B2 /* UIViewController+Ext.swift */; };
		93B2B55E240A464A008941B2 /* DJAlertVC.swift in Sources */ = {isa = PBXBuildFile; fileRef = 93B2B55D240A464A008941B2 /* DJAlertVC.swift */; };
		93B2B560240A46A5008941B2 /* DJTitleLabel.swift in Sources */ = {isa = PBXBuildFile; fileRef = 93B2B55F240A46A5008941B2 /* DJTitleLabel.swift */; };
		93B2B562240A4797008941B2 /* DJErrorMessage.swift in Sources */ = {isa = PBXBuildFile; fileRef = 93B2B561240A4797008941B2 /* DJErrorMessage.swift */; };
		93B2B564240A480D008941B2 /* DJBodyLabel.swift in Sources */ = {isa = PBXBuildFile; fileRef = 93B2B563240A480D008941B2 /* DJBodyLabel.swift */; };
		93B2B566240A49DF008941B2 /* DJButton.swift in Sources */ = {isa = PBXBuildFile; fileRef = 93B2B565240A49DF008941B2 /* DJButton.swift */; };
		93BAC81F240B1C6600B63171 /* AddPlantsViewController.swift in Sources */ = {isa = PBXBuildFile; fileRef = 93BAC81E240B1C6600B63171 /* AddPlantsViewController.swift */; };
		93BAC822240B2B1700B63171 /* User.swift in Sources */ = {isa = PBXBuildFile; fileRef = 93BAC821240B2B1700B63171 /* User.swift */; };
		93BAC824240B2BAE00B63171 /* Token.swift in Sources */ = {isa = PBXBuildFile; fileRef = 93BAC823240B2BAE00B63171 /* Token.swift */; };
		93BAC826240B2BF900B63171 /* Request.swift in Sources */ = {isa = PBXBuildFile; fileRef = 93BAC825240B2BF900B63171 /* Request.swift */; };
/* End PBXBuildFile section */

/* Begin PBXFileReference section */
		63F3556B240905A70025A42C /* 716971753.mp4 */ = {isa = PBXFileReference; lastKnownFileType = file; path = 716971753.mp4; sourceTree = "<group>"; };
		938C377E2407933300C274D6 /* WaterMyPlant.app */ = {isa = PBXFileReference; explicitFileType = wrapper.application; includeInIndex = 0; path = WaterMyPlant.app; sourceTree = BUILT_PRODUCTS_DIR; };
		938C37812407933300C274D6 /* AppDelegate.swift */ = {isa = PBXFileReference; lastKnownFileType = sourcecode.swift; path = AppDelegate.swift; sourceTree = "<group>"; };
		938C37832407933300C274D6 /* SceneDelegate.swift */ = {isa = PBXFileReference; lastKnownFileType = sourcecode.swift; path = SceneDelegate.swift; sourceTree = "<group>"; };
		938C37852407933300C274D6 /* ViewController.swift */ = {isa = PBXFileReference; lastKnownFileType = sourcecode.swift; path = ViewController.swift; sourceTree = "<group>"; };
		938C37882407933300C274D6 /* Base */ = {isa = PBXFileReference; lastKnownFileType = file.storyboard; name = Base; path = Base.lproj/Main.storyboard; sourceTree = "<group>"; };
		938C378A2407934F00C274D6 /* Assets.xcassets */ = {isa = PBXFileReference; lastKnownFileType = folder.assetcatalog; path = Assets.xcassets; sourceTree = "<group>"; };
		938C378D2407934F00C274D6 /* Base */ = {isa = PBXFileReference; lastKnownFileType = file.storyboard; name = Base; path = Base.lproj/LaunchScreen.storyboard; sourceTree = "<group>"; };
		938C378F2407934F00C274D6 /* Info.plist */ = {isa = PBXFileReference; lastKnownFileType = text.plist.xml; path = Info.plist; sourceTree = "<group>"; };
		93B2B556240A400E008941B2 /* SignUpViewController.swift */ = {isa = PBXFileReference; lastKnownFileType = sourcecode.swift; path = SignUpViewController.swift; sourceTree = "<group>"; };
		93B2B558240A425C008941B2 /* Utilities.swift */ = {isa = PBXFileReference; lastKnownFileType = sourcecode.swift; path = Utilities.swift; sourceTree = "<group>"; };
		93B2B55A240A44CB008941B2 /* UIViewController+Ext.swift */ = {isa = PBXFileReference; lastKnownFileType = sourcecode.swift; path = "UIViewController+Ext.swift"; sourceTree = "<group>"; };
		93B2B55D240A464A008941B2 /* DJAlertVC.swift */ = {isa = PBXFileReference; lastKnownFileType = sourcecode.swift; path = DJAlertVC.swift; sourceTree = "<group>"; };
		93B2B55F240A46A5008941B2 /* DJTitleLabel.swift */ = {isa = PBXFileReference; lastKnownFileType = sourcecode.swift; path = DJTitleLabel.swift; sourceTree = "<group>"; };
		93B2B561240A4797008941B2 /* DJErrorMessage.swift */ = {isa = PBXFileReference; lastKnownFileType = sourcecode.swift; path = DJErrorMessage.swift; sourceTree = "<group>"; };
		93B2B563240A480D008941B2 /* DJBodyLabel.swift */ = {isa = PBXFileReference; lastKnownFileType = sourcecode.swift; path = DJBodyLabel.swift; sourceTree = "<group>"; };
		93B2B565240A49DF008941B2 /* DJButton.swift */ = {isa = PBXFileReference; lastKnownFileType = sourcecode.swift; path = DJButton.swift; sourceTree = "<group>"; };
		93BAC81E240B1C6600B63171 /* AddPlantsViewController.swift */ = {isa = PBXFileReference; lastKnownFileType = sourcecode.swift; path = AddPlantsViewController.swift; sourceTree = "<group>"; };
		93BAC821240B2B1700B63171 /* User.swift */ = {isa = PBXFileReference; lastKnownFileType = sourcecode.swift; path = User.swift; sourceTree = "<group>"; };
		93BAC823240B2BAE00B63171 /* Token.swift */ = {isa = PBXFileReference; lastKnownFileType = sourcecode.swift; path = Token.swift; sourceTree = "<group>"; };
		93BAC825240B2BF900B63171 /* Request.swift */ = {isa = PBXFileReference; lastKnownFileType = sourcecode.swift; path = Request.swift; sourceTree = "<group>"; };
		C3F2CEFCC3DBC13279A01594 /* Pods_WaterMyPlant.framework */ = {isa = PBXFileReference; explicitFileType = wrapper.framework; includeInIndex = 0; path = Pods_WaterMyPlant.framework; sourceTree = BUILT_PRODUCTS_DIR; };
		DA241F44661EDB8B479E651E /* Pods-WaterMyPlant.debug.xcconfig */ = {isa = PBXFileReference; includeInIndex = 1; lastKnownFileType = text.xcconfig; name = "Pods-WaterMyPlant.debug.xcconfig"; path = "Target Support Files/Pods-WaterMyPlant/Pods-WaterMyPlant.debug.xcconfig"; sourceTree = "<group>"; };
		E8025DFE080C992B1B33B350 /* Pods-WaterMyPlant.release.xcconfig */ = {isa = PBXFileReference; includeInIndex = 1; lastKnownFileType = text.xcconfig; name = "Pods-WaterMyPlant.release.xcconfig"; path = "Target Support Files/Pods-WaterMyPlant/Pods-WaterMyPlant.release.xcconfig"; sourceTree = "<group>"; };
/* End PBXFileReference section */

/* Begin PBXFrameworksBuildPhase section */
		938C377B2407933300C274D6 /* Frameworks */ = {
			isa = PBXFrameworksBuildPhase;
			buildActionMask = 2147483647;
			files = (
				1B61C1D86DB0D4E6B375C047 /* Pods_WaterMyPlant.framework in Frameworks */,
			);
			runOnlyForDeploymentPostprocessing = 0;
		};
/* End PBXFrameworksBuildPhase section */

/* Begin PBXGroup section */
		540D92A82A5ADF55EABEA5D4 /* Pods */ = {
			isa = PBXGroup;
			children = (
				DA241F44661EDB8B479E651E /* Pods-WaterMyPlant.debug.xcconfig */,
				E8025DFE080C992B1B33B350 /* Pods-WaterMyPlant.release.xcconfig */,
			);
			path = Pods;
			sourceTree = "<group>";
		};
		6913E1931639962F48789F82 /* Frameworks */ = {
			isa = PBXGroup;
			children = (
				C3F2CEFCC3DBC13279A01594 /* Pods_WaterMyPlant.framework */,
			);
			name = Frameworks;
			sourceTree = "<group>";
		};
		938C37752407933200C274D6 = {
			isa = PBXGroup;
			children = (
				93BAC820240B2AFC00B63171 /* Model */,
				93B2B55C240A4628008941B2 /* Alert */,
				93B2B555240A3FD4008941B2 /* Controllers */,
				938C37802407933300C274D6 /* WaterMyPlant */,
				938C377F2407933300C274D6 /* Products */,
				540D92A82A5ADF55EABEA5D4 /* Pods */,
				6913E1931639962F48789F82 /* Frameworks */,
			);
			sourceTree = "<group>";
		};
		938C377F2407933300C274D6 /* Products */ = {
			isa = PBXGroup;
			children = (
				938C377E2407933300C274D6 /* WaterMyPlant.app */,
			);
			name = Products;
			sourceTree = "<group>";
		};
		938C37802407933300C274D6 /* WaterMyPlant */ = {
			isa = PBXGroup;
			children = (
				63F3556B240905A70025A42C /* 716971753.mp4 */,
				938C37812407933300C274D6 /* AppDelegate.swift */,
				938C37832407933300C274D6 /* SceneDelegate.swift */,
				938C37852407933300C274D6 /* ViewController.swift */,
				938C37872407933300C274D6 /* Main.storyboard */,
				938C378A2407934F00C274D6 /* Assets.xcassets */,
				938C378C2407934F00C274D6 /* LaunchScreen.storyboard */,
				938C378F2407934F00C274D6 /* Info.plist */,
			);
			path = WaterMyPlant;
			sourceTree = "<group>";
		};
		93B2B555240A3FD4008941B2 /* Controllers */ = {
			isa = PBXGroup;
			children = (
				93B2B556240A400E008941B2 /* SignUpViewController.swift */,
				93B2B558240A425C008941B2 /* Utilities.swift */,
				93B2B55A240A44CB008941B2 /* UIViewController+Ext.swift */,
				93B2B55F240A46A5008941B2 /* DJTitleLabel.swift */,
				93BAC81E240B1C6600B63171 /* AddPlantsViewController.swift */,
			);
			name = Controllers;
			sourceTree = "<group>";
		};
		93B2B55C240A4628008941B2 /* Alert */ = {
			isa = PBXGroup;
			children = (
				93B2B55D240A464A008941B2 /* DJAlertVC.swift */,
				93B2B561240A4797008941B2 /* DJErrorMessage.swift */,
				93B2B563240A480D008941B2 /* DJBodyLabel.swift */,
				93B2B565240A49DF008941B2 /* DJButton.swift */,
			);
			name = Alert;
			sourceTree = "<group>";
		};
		93BAC820240B2AFC00B63171 /* Model */ = {
			isa = PBXGroup;
			children = (
				93BAC821240B2B1700B63171 /* User.swift */,
				93BAC823240B2BAE00B63171 /* Token.swift */,
				93BAC825240B2BF900B63171 /* Request.swift */,
			);
			name = Model;
			sourceTree = "<group>";
		};
/* End PBXGroup section */

/* Begin PBXNativeTarget section */
		938C377D2407933300C274D6 /* WaterMyPlant */ = {
			isa = PBXNativeTarget;
			buildConfigurationList = 938C37922407934F00C274D6 /* Build configuration list for PBXNativeTarget "WaterMyPlant" */;
			buildPhases = (
				26BE4BF231547D01A8A6E524 /* [CP] Check Pods Manifest.lock */,
				938C377A2407933300C274D6 /* Sources */,
				938C377B2407933300C274D6 /* Frameworks */,
				938C377C2407933300C274D6 /* Resources */,
			);
			buildRules = (
			);
			dependencies = (
			);
			name = WaterMyPlant;
			productName = WaterMyPlant;
			productReference = 938C377E2407933300C274D6 /* WaterMyPlant.app */;
			productType = "com.apple.product-type.application";
		};
/* End PBXNativeTarget section */

/* Begin PBXProject section */
		938C37762407933300C274D6 /* Project object */ = {
			isa = PBXProject;
			attributes = {
				LastSwiftUpdateCheck = 1130;
				LastUpgradeCheck = 1130;
				ORGANIZATIONNAME = "Christian Lorenzo";
				TargetAttributes = {
					938C377D2407933300C274D6 = {
						CreatedOnToolsVersion = 11.3.1;
					};
				};
			};
			buildConfigurationList = 938C37792407933300C274D6 /* Build configuration list for PBXProject "WaterMyPlant" */;
			compatibilityVersion = "Xcode 9.3";
			developmentRegion = en;
			hasScannedForEncodings = 0;
			knownRegions = (
				en,
				Base,
			);
			mainGroup = 938C37752407933200C274D6;
			productRefGroup = 938C377F2407933300C274D6 /* Products */;
			projectDirPath = "";
			projectRoot = "";
			targets = (
				938C377D2407933300C274D6 /* WaterMyPlant */,
			);
		};
/* End PBXProject section */

/* Begin PBXResourcesBuildPhase section */
		938C377C2407933300C274D6 /* Resources */ = {
			isa = PBXResourcesBuildPhase;
			buildActionMask = 2147483647;
			files = (
				938C378E2407934F00C274D6 /* LaunchScreen.storyboard in Resources */,
				938C378B2407934F00C274D6 /* Assets.xcassets in Resources */,
				63F3556C240905A70025A42C /* 716971753.mp4 in Resources */,
				938C37892407933300C274D6 /* Main.storyboard in Resources */,
			);
			runOnlyForDeploymentPostprocessing = 0;
		};
/* End PBXResourcesBuildPhase section */

/* Begin PBXShellScriptBuildPhase section */
		26BE4BF231547D01A8A6E524 /* [CP] Check Pods Manifest.lock */ = {
			isa = PBXShellScriptBuildPhase;
			buildActionMask = 2147483647;
			files = (
			);
			inputFileListPaths = (
			);
			inputPaths = (
				"${PODS_PODFILE_DIR_PATH}/Podfile.lock",
				"${PODS_ROOT}/Manifest.lock",
			);
			name = "[CP] Check Pods Manifest.lock";
			outputFileListPaths = (
			);
			outputPaths = (
				"$(DERIVED_FILE_DIR)/Pods-WaterMyPlant-checkManifestLockResult.txt",
			);
			runOnlyForDeploymentPostprocessing = 0;
			shellPath = /bin/sh;
			shellScript = "diff \"${PODS_PODFILE_DIR_PATH}/Podfile.lock\" \"${PODS_ROOT}/Manifest.lock\" > /dev/null\nif [ $? != 0 ] ; then\n    # print error to STDERR\n    echo \"error: The sandbox is not in sync with the Podfile.lock. Run 'pod install' or update your CocoaPods installation.\" >&2\n    exit 1\nfi\n# This output is used by Xcode 'outputs' to avoid re-running this script phase.\necho \"SUCCESS\" > \"${SCRIPT_OUTPUT_FILE_0}\"\n";
			showEnvVarsInLog = 0;
		};
/* End PBXShellScriptBuildPhase section */

/* Begin PBXSourcesBuildPhase section */
		938C377A2407933300C274D6 /* Sources */ = {
			isa = PBXSourcesBuildPhase;
			buildActionMask = 2147483647;
			files = (
				93BAC822240B2B1700B63171 /* User.swift in Sources */,
				93BAC824240B2BAE00B63171 /* Token.swift in Sources */,
				938C37862407933300C274D6 /* ViewController.swift in Sources */,
				938C37822407933300C274D6 /* AppDelegate.swift in Sources */,
				93B2B566240A49DF008941B2 /* DJButton.swift in Sources */,
				93B2B562240A4797008941B2 /* DJErrorMessage.swift in Sources */,
				93B2B55B240A44CB008941B2 /* UIViewController+Ext.swift in Sources */,
				93BAC826240B2BF900B63171 /* Request.swift in Sources */,
				93B2B557240A400E008941B2 /* SignUpViewController.swift in Sources */,
				93B2B55E240A464A008941B2 /* DJAlertVC.swift in Sources */,
				93B2B560240A46A5008941B2 /* DJTitleLabel.swift in Sources */,
				93B2B559240A425C008941B2 /* Utilities.swift in Sources */,
				93B2B564240A480D008941B2 /* DJBodyLabel.swift in Sources */,
				93BAC81F240B1C6600B63171 /* AddPlantsViewController.swift in Sources */,
				938C37842407933300C274D6 /* SceneDelegate.swift in Sources */,
			);
			runOnlyForDeploymentPostprocessing = 0;
		};
/* End PBXSourcesBuildPhase section */

/* Begin PBXVariantGroup section */
		938C37872407933300C274D6 /* Main.storyboard */ = {
			isa = PBXVariantGroup;
			children = (
				938C37882407933300C274D6 /* Base */,
			);
			name = Main.storyboard;
			sourceTree = "<group>";
		};
		938C378C2407934F00C274D6 /* LaunchScreen.storyboard */ = {
			isa = PBXVariantGroup;
			children = (
				938C378D2407934F00C274D6 /* Base */,
			);
			name = LaunchScreen.storyboard;
			sourceTree = "<group>";
		};
/* End PBXVariantGroup section */

/* Begin XCBuildConfiguration section */
		938C37902407934F00C274D6 /* Debug */ = {
			isa = XCBuildConfiguration;
			buildSettings = {
				ALWAYS_SEARCH_USER_PATHS = NO;
				CLANG_ANALYZER_NONNULL = YES;
				CLANG_ANALYZER_NUMBER_OBJECT_CONVERSION = YES_AGGRESSIVE;
				CLANG_CXX_LANGUAGE_STANDARD = "gnu++14";
				CLANG_CXX_LIBRARY = "libc++";
				CLANG_ENABLE_MODULES = YES;
				CLANG_ENABLE_OBJC_ARC = YES;
				CLANG_ENABLE_OBJC_WEAK = YES;
				CLANG_WARN_BLOCK_CAPTURE_AUTORELEASING = YES;
				CLANG_WARN_BOOL_CONVERSION = YES;
				CLANG_WARN_COMMA = YES;
				CLANG_WARN_CONSTANT_CONVERSION = YES;
				CLANG_WARN_DEPRECATED_OBJC_IMPLEMENTATIONS = YES;
				CLANG_WARN_DIRECT_OBJC_ISA_USAGE = YES_ERROR;
				CLANG_WARN_DOCUMENTATION_COMMENTS = YES;
				CLANG_WARN_EMPTY_BODY = YES;
				CLANG_WARN_ENUM_CONVERSION = YES;
				CLANG_WARN_INFINITE_RECURSION = YES;
				CLANG_WARN_INT_CONVERSION = YES;
				CLANG_WARN_NON_LITERAL_NULL_CONVERSION = YES;
				CLANG_WARN_OBJC_IMPLICIT_RETAIN_SELF = YES;
				CLANG_WARN_OBJC_LITERAL_CONVERSION = YES;
				CLANG_WARN_OBJC_ROOT_CLASS = YES_ERROR;
				CLANG_WARN_RANGE_LOOP_ANALYSIS = YES;
				CLANG_WARN_STRICT_PROTOTYPES = YES;
				CLANG_WARN_SUSPICIOUS_MOVE = YES;
				CLANG_WARN_UNGUARDED_AVAILABILITY = YES_AGGRESSIVE;
				CLANG_WARN_UNREACHABLE_CODE = YES;
				CLANG_WARN__DUPLICATE_METHOD_MATCH = YES;
				COPY_PHASE_STRIP = NO;
				DEBUG_INFORMATION_FORMAT = dwarf;
				ENABLE_STRICT_OBJC_MSGSEND = YES;
				ENABLE_TESTABILITY = YES;
				GCC_C_LANGUAGE_STANDARD = gnu11;
				GCC_DYNAMIC_NO_PIC = NO;
				GCC_NO_COMMON_BLOCKS = YES;
				GCC_OPTIMIZATION_LEVEL = 0;
				GCC_PREPROCESSOR_DEFINITIONS = (
					"DEBUG=1",
					"$(inherited)",
				);
				GCC_WARN_64_TO_32_BIT_CONVERSION = YES;
				GCC_WARN_ABOUT_RETURN_TYPE = YES_ERROR;
				GCC_WARN_UNDECLARED_SELECTOR = YES;
				GCC_WARN_UNINITIALIZED_AUTOS = YES_AGGRESSIVE;
				GCC_WARN_UNUSED_FUNCTION = YES;
				GCC_WARN_UNUSED_VARIABLE = YES;
				IPHONEOS_DEPLOYMENT_TARGET = 13.2;
				MTL_ENABLE_DEBUG_INFO = INCLUDE_SOURCE;
				MTL_FAST_MATH = YES;
				ONLY_ACTIVE_ARCH = YES;
				SDKROOT = iphoneos;
				SWIFT_ACTIVE_COMPILATION_CONDITIONS = DEBUG;
				SWIFT_OPTIMIZATION_LEVEL = "-Onone";
			};
			name = Debug;
		};
		938C37912407934F00C274D6 /* Release */ = {
			isa = XCBuildConfiguration;
			buildSettings = {
				ALWAYS_SEARCH_USER_PATHS = NO;
				CLANG_ANALYZER_NONNULL = YES;
				CLANG_ANALYZER_NUMBER_OBJECT_CONVERSION = YES_AGGRESSIVE;
				CLANG_CXX_LANGUAGE_STANDARD = "gnu++14";
				CLANG_CXX_LIBRARY = "libc++";
				CLANG_ENABLE_MODULES = YES;
				CLANG_ENABLE_OBJC_ARC = YES;
				CLANG_ENABLE_OBJC_WEAK = YES;
				CLANG_WARN_BLOCK_CAPTURE_AUTORELEASING = YES;
				CLANG_WARN_BOOL_CONVERSION = YES;
				CLANG_WARN_COMMA = YES;
				CLANG_WARN_CONSTANT_CONVERSION = YES;
				CLANG_WARN_DEPRECATED_OBJC_IMPLEMENTATIONS = YES;
				CLANG_WARN_DIRECT_OBJC_ISA_USAGE = YES_ERROR;
				CLANG_WARN_DOCUMENTATION_COMMENTS = YES;
				CLANG_WARN_EMPTY_BODY = YES;
				CLANG_WARN_ENUM_CONVERSION = YES;
				CLANG_WARN_INFINITE_RECURSION = YES;
				CLANG_WARN_INT_CONVERSION = YES;
				CLANG_WARN_NON_LITERAL_NULL_CONVERSION = YES;
				CLANG_WARN_OBJC_IMPLICIT_RETAIN_SELF = YES;
				CLANG_WARN_OBJC_LITERAL_CONVERSION = YES;
				CLANG_WARN_OBJC_ROOT_CLASS = YES_ERROR;
				CLANG_WARN_RANGE_LOOP_ANALYSIS = YES;
				CLANG_WARN_STRICT_PROTOTYPES = YES;
				CLANG_WARN_SUSPICIOUS_MOVE = YES;
				CLANG_WARN_UNGUARDED_AVAILABILITY = YES_AGGRESSIVE;
				CLANG_WARN_UNREACHABLE_CODE = YES;
				CLANG_WARN__DUPLICATE_METHOD_MATCH = YES;
				COPY_PHASE_STRIP = NO;
				DEBUG_INFORMATION_FORMAT = "dwarf-with-dsym";
				ENABLE_NS_ASSERTIONS = NO;
				ENABLE_STRICT_OBJC_MSGSEND = YES;
				GCC_C_LANGUAGE_STANDARD = gnu11;
				GCC_NO_COMMON_BLOCKS = YES;
				GCC_WARN_64_TO_32_BIT_CONVERSION = YES;
				GCC_WARN_ABOUT_RETURN_TYPE = YES_ERROR;
				GCC_WARN_UNDECLARED_SELECTOR = YES;
				GCC_WARN_UNINITIALIZED_AUTOS = YES_AGGRESSIVE;
				GCC_WARN_UNUSED_FUNCTION = YES;
				GCC_WARN_UNUSED_VARIABLE = YES;
				IPHONEOS_DEPLOYMENT_TARGET = 13.2;
				MTL_ENABLE_DEBUG_INFO = NO;
				MTL_FAST_MATH = YES;
				SDKROOT = iphoneos;
				SWIFT_COMPILATION_MODE = wholemodule;
				SWIFT_OPTIMIZATION_LEVEL = "-O";
				VALIDATE_PRODUCT = YES;
			};
			name = Release;
		};
		938C37932407934F00C274D6 /* Debug */ = {
			isa = XCBuildConfiguration;
			baseConfigurationReference = DA241F44661EDB8B479E651E /* Pods-WaterMyPlant.debug.xcconfig */;
			buildSettings = {
				ASSETCATALOG_COMPILER_APPICON_NAME = AppIcon;
				CODE_SIGN_STYLE = Automatic;
				DEVELOPMENT_TEAM = 6UK9B9BTNM;
				INFOPLIST_FILE = WaterMyPlant/Info.plist;
				LD_RUNPATH_SEARCH_PATHS = (
					"$(inherited)",
					"@executable_path/Frameworks",
				);
				PRODUCT_BUNDLE_IDENTIFIER = com.christianlorenzo.WaterMyPlant;
				PRODUCT_NAME = "$(TARGET_NAME)";
				SWIFT_VERSION = 5.0;
				TARGETED_DEVICE_FAMILY = "1,2";
			};
			name = Debug;
		};
		938C37942407934F00C274D6 /* Release */ = {
			isa = XCBuildConfiguration;
			baseConfigurationReference = E8025DFE080C992B1B33B350 /* Pods-WaterMyPlant.release.xcconfig */;
			buildSettings = {
				ASSETCATALOG_COMPILER_APPICON_NAME = AppIcon;
				CODE_SIGN_STYLE = Automatic;
				DEVELOPMENT_TEAM = 6UK9B9BTNM;
				INFOPLIST_FILE = WaterMyPlant/Info.plist;
				LD_RUNPATH_SEARCH_PATHS = (
					"$(inherited)",
					"@executable_path/Frameworks",
				);
				PRODUCT_BUNDLE_IDENTIFIER = com.christianlorenzo.WaterMyPlant;
				PRODUCT_NAME = "$(TARGET_NAME)";
				SWIFT_VERSION = 5.0;
				TARGETED_DEVICE_FAMILY = "1,2";
			};
			name = Release;
		};
/* End XCBuildConfiguration section */

/* Begin XCConfigurationList section */
		938C37792407933300C274D6 /* Build configuration list for PBXProject "WaterMyPlant" */ = {
			isa = XCConfigurationList;
			buildConfigurations = (
				938C37902407934F00C274D6 /* Debug */,
				938C37912407934F00C274D6 /* Release */,
			);
			defaultConfigurationIsVisible = 0;
			defaultConfigurationName = Release;
		};
		938C37922407934F00C274D6 /* Build configuration list for PBXNativeTarget "WaterMyPlant" */ = {
			isa = XCConfigurationList;
			buildConfigurations = (
				938C37932407934F00C274D6 /* Debug */,
				938C37942407934F00C274D6 /* Release */,
			);
			defaultConfigurationIsVisible = 0;
			defaultConfigurationName = Release;
		};
/* End XCConfigurationList section */
	};
	rootObject = 938C37762407933300C274D6 /* Project object */;
}
